
Microsoft Visual Studio Solution File, Format Version 12.00
# Visual Studio Version 16
VisualStudioVersion = 16.6.30114.105
MinimumVisualStudioVersion = 10.0.40219.1
Project("{FAE04EC0-301F-11D3-BF4B-00C04F79EFBC}") = "Main", "src\app\Main\Main.csproj", "{1F661EA2-E192-416E-8C5F-F2AC7D6A9D7F}"
EndProject
Project("{2150E333-8FDC-42A3-9474-1A3956D46DE8}") = "app", "app", "{F30AB355-B976-4CA5-8EE7-E95DEEC73E1D}"
EndProject
Project("{2150E333-8FDC-42A3-9474-1A3956D46DE8}") = "test", "test", "{9D21BECB-91D0-4642-A38E-CD82C736A42F}"
EndProject
Project("{FAE04EC0-301F-11D3-BF4B-00C04F79EFBC}") = "ClassLibrary1", "src\app\ClassLibrary1\ClassLibrary1.csproj", "{79619ABB-AC27-4936-9423-A5F256AD66A3}"
EndProject
Project("{9A19103F-16F7-4668-BE54-9A1E7A4F7556}") = "ClassLibrary1Tests1", "src\test\ClassLibrary1Tests1\ClassLibrary1Tests1.csproj", "{028D1F51-8629-4E54-8F0F-A75379E93E28}"
EndProject
Global
	GlobalSection(SolutionConfigurationPlatforms) = preSolution
		Debug|Any CPU = Debug|Any CPU
		Debug|x64 = Debug|x64
		Debug|x86 = Debug|x86
		Release|Any CPU = Release|Any CPU
		Release|x64 = Release|x64
		Release|x86 = Release|x86
	EndGlobalSection
	GlobalSection(ProjectConfigurationPlatforms) = postSolution
		{1F661EA2-E192-416E-8C5F-F2AC7D6A9D7F}.Debug|Any CPU.ActiveCfg = Debug|Any CPU
		{1F661EA2-E192-416E-8C5F-F2AC7D6A9D7F}.Debug|Any CPU.Build.0 = Debug|Any CPU
		{1F661EA2-E192-416E-8C5F-F2AC7D6A9D7F}.Debug|x64.ActiveCfg = Debug|Any CPU
		{1F661EA2-E192-416E-8C5F-F2AC7D6A9D7F}.Debug|x64.Build.0 = Debug|Any CPU
		{1F661EA2-E192-416E-8C5F-F2AC7D6A9D7F}.Debug|x86.ActiveCfg = Debug|Any CPU
		{1F661EA2-E192-416E-8C5F-F2AC7D6A9D7F}.Debug|x86.Build.0 = Debug|Any CPU
		{1F661EA2-E192-416E-8C5F-F2AC7D6A9D7F}.Release|Any CPU.ActiveCfg = Release|Any CPU
		{1F661EA2-E192-416E-8C5F-F2AC7D6A9D7F}.Release|Any CPU.Build.0 = Release|Any CPU
		{1F661EA2-E192-416E-8C5F-F2AC7D6A9D7F}.Release|x64.ActiveCfg = Release|Any CPU
		{1F661EA2-E192-416E-8C5F-F2AC7D6A9D7F}.Release|x64.Build.0 = Release|Any CPU
		{1F661EA2-E192-416E-8C5F-F2AC7D6A9D7F}.Release|x86.ActiveCfg = Release|Any CPU
		{1F661EA2-E192-416E-8C5F-F2AC7D6A9D7F}.Release|x86.Build.0 = Release|Any CPU
		{79619ABB-AC27-4936-9423-A5F256AD66A3}.Debug|Any CPU.ActiveCfg = Debug|Any CPU
		{79619ABB-AC27-4936-9423-A5F256AD66A3}.Debug|Any CPU.Build.0 = Debug|Any CPU
		{79619ABB-AC27-4936-9423-A5F256AD66A3}.Debug|x64.ActiveCfg = Debug|Any CPU
		{79619ABB-AC27-4936-9423-A5F256AD66A3}.Debug|x64.Build.0 = Debug|Any CPU
		{79619ABB-AC27-4936-9423-A5F256AD66A3}.Debug|x86.ActiveCfg = Debug|Any CPU
		{79619ABB-AC27-4936-9423-A5F256AD66A3}.Debug|x86.Build.0 = Debug|Any CPU
		{79619ABB-AC27-4936-9423-A5F256AD66A3}.Release|Any CPU.ActiveCfg = Release|Any CPU
		{79619ABB-AC27-4936-9423-A5F256AD66A3}.Release|Any CPU.Build.0 = Release|Any CPU
		{79619ABB-AC27-4936-9423-A5F256AD66A3}.Release|x64.ActiveCfg = Release|Any CPU
		{79619ABB-AC27-4936-9423-A5F256AD66A3}.Release|x64.Build.0 = Release|Any CPU
		{79619ABB-AC27-4936-9423-A5F256AD66A3}.Release|x86.ActiveCfg = Release|Any CPU
		{79619ABB-AC27-4936-9423-A5F256AD66A3}.Release|x86.Build.0 = Release|Any CPU
		{028D1F51-8629-4E54-8F0F-A75379E93E28}.Debug|Any CPU.ActiveCfg = Debug|Any CPU
		{028D1F51-8629-4E54-8F0F-A75379E93E28}.Debug|Any CPU.Build.0 = Debug|Any CPU
		{028D1F51-8629-4E54-8F0F-A75379E93E28}.Debug|x64.ActiveCfg = Debug|Any CPU
		{028D1F51-8629-4E54-8F0F-A75379E93E28}.Debug|x64.Build.0 = Debug|Any CPU
		{028D1F51-8629-4E54-8F0F-A75379E93E28}.Debug|x86.ActiveCfg = Debug|Any CPU
		{028D1F51-8629-4E54-8F0F-A75379E93E28}.Debug|x86.Build.0 = Debug|Any CPU
		{028D1F51-8629-4E54-8F0F-A75379E93E28}.Release|Any CPU.ActiveCfg = Release|Any CPU
		{028D1F51-8629-4E54-8F0F-A75379E93E28}.Release|Any CPU.Build.0 = Release|Any CPU
		{028D1F51-8629-4E54-8F0F-A75379E93E28}.Release|x64.ActiveCfg = Release|Any CPU
		{028D1F51-8629-4E54-8F0F-A75379E93E28}.Release|x64.Build.0 = Release|Any CPU
		{028D1F51-8629-4E54-8F0F-A75379E93E28}.Release|x86.ActiveCfg = Release|Any CPU
		{028D1F51-8629-4E54-8F0F-A75379E93E28}.Release|x86.Build.0 = Release|Any CPU
	EndGlobalSection
	GlobalSection(SolutionProperties) = preSolution
		HideSolutionNode = FALSE
	EndGlobalSection
	GlobalSection(NestedProjects) = preSolution
		{1F661EA2-E192-416E-8C5F-F2AC7D6A9D7F} = {F30AB355-B976-4CA5-8EE7-E95DEEC73E1D}
		{79619ABB-AC27-4936-9423-A5F256AD66A3} = {F30AB355-B976-4CA5-8EE7-E95DEEC73E1D}
		{028D1F51-8629-4E54-8F0F-A75379E93E28} = {9D21BECB-91D0-4642-A38E-CD82C736A42F}
	EndGlobalSection
	GlobalSection(ExtensibilityGlobals) = postSolution
		SolutionGuid = {A2FC98BD-BBF3-42B6-A2A2-405AE5D4D5EF}
	EndGlobalSection
EndGlobal
